
Microsoft Visual Studio Solution File, Format Version 12.00
# Visual Studio Version 16
VisualStudioVersion = 25.0.1700.3
MinimumVisualStudioVersion = 10.0.40219.1
Project("{FAE04EC0-301F-11D3-BF4B-00C04F79EFBC}") = "AwesomeLeaderboard", "AwesomeLeaderboard\AwesomeLeaderboard.csproj", "{80549246-1847-4E1B-931C-6E0D44ECA65C}"
EndProject
Project("{E53339B2-1760-4266-BCC7-CA923CBCF16C}") = "docker-compose", "docker-compose.dcproj", "{F40C8F27-8A65-4463-A9B7-FEDB456E5474}"
EndProject
Project("{FAE04EC0-301F-11D3-BF4B-00C04F79EFBC}") = "Models", "Models\Models.csproj", "{C55AD7C1-CFA0-47AC-8079-3325E8F6FEF5}"
EndProject
Project("{FAE04EC0-301F-11D3-BF4B-00C04F79EFBC}") = "DataWriterService", "DataWriterService\DataWriterService.csproj", "{64F8765F-B248-47C4-89DB-8ED2A4AA0042}"
EndProject
Project("{FAE04EC0-301F-11D3-BF4B-00C04F79EFBC}") = "MessageBus.Abstraction", "MessageBus\MessageBus.Abstraction.csproj", "{EB104603-2543-499B-84D8-293DC9BB0CA1}"
EndProject
Project("{FAE04EC0-301F-11D3-BF4B-00C04F79EFBC}") = "MessageBus.RabbitMq", "MessageBus.RabbitMq\MessageBus.RabbitMq.csproj", "{114C7D38-E0A7-437B-B597-BD52DDC84CD7}"
EndProject
Project("{2150E333-8FDC-42A3-9474-1A3956D46DE8}") = "Integrations", "Integrations", "{0697FA66-05AB-475B-A79B-A1EF58DDA0AA}"
EndProject
Project("{FAE04EC0-301F-11D3-BF4B-00C04F79EFBC}") = "Repositories.NoSql.Abstraction", "Repositories.NoSql.Abstraction\Repositories.NoSql.Abstraction.csproj", "{1B0AE8FA-F906-4170-BBB3-500BFEBA2127}"
EndProject
Project("{FAE04EC0-301F-11D3-BF4B-00C04F79EFBC}") = "Repositories.NoSql.MongoDb", "Repositories.NoSql.MongoDb\Repositories.NoSql.MongoDb.csproj", "{B9927459-E80C-4159-B118-C15923CE84D2}"
EndProject
Project("{FAE04EC0-301F-11D3-BF4B-00C04F79EFBC}") = "DataAccess", "DataAccess\DataAccess.csproj", "{CA2B7765-5489-4222-B434-ABF269EE2FF2}"
EndProject
Project("{FAE04EC0-301F-11D3-BF4B-00C04F79EFBC}") = "Events", "Events\Events.csproj", "{FD7E7F6D-A60A-4ADE-AE5E-ACB00EECE246}"
EndProject
Project("{FAE04EC0-301F-11D3-BF4B-00C04F79EFBC}") = "DistribuitedCache.Redis", "DistributedCache.Redis\DistribuitedCache.Redis.csproj", "{92B5946A-A04B-41B4-8CF8-C4D3470FF83A}"
EndProject
Project("{2150E333-8FDC-42A3-9474-1A3956D46DE8}") = "Common", "Common", "{FF3DBEF0-75DA-43F3-9ABC-D2AF29023EEE}"
EndProject
Project("{2150E333-8FDC-42A3-9474-1A3956D46DE8}") = "Microservices", "Microservices", "{C82D7B99-51E2-47AA-A558-6676C50F5058}"
EndProject
Project("{2150E333-8FDC-42A3-9474-1A3956D46DE8}") = "Tests", "Tests", "{4F3EEF66-7DCB-4712-9E5E-64D2EEEECB13}"
EndProject
Project("{FAE04EC0-301F-11D3-BF4B-00C04F79EFBC}") = "NoSql.MongoDb.Tests", "Integrations.Repositories.NoSql.MongoDb.Tests\NoSql.MongoDb.Tests.csproj", "{2D1DF55C-89E3-47EA-A8BD-B83601FC4FD3}"
EndProject
Project("{FAE04EC0-301F-11D3-BF4B-00C04F79EFBC}") = "Common.DistributedCache.Tests", "DistributedCache.Redis.Tests\Common.DistributedCache.Tests.csproj", "{18074E26-3065-4C3E-B7D7-D821066A2AC0}"
EndProject
Global
	GlobalSection(SolutionConfigurationPlatforms) = preSolution
		Debug|Any CPU = Debug|Any CPU
		Release|Any CPU = Release|Any CPU
	EndGlobalSection
	GlobalSection(ProjectConfigurationPlatforms) = postSolution
		{80549246-1847-4E1B-931C-6E0D44ECA65C}.Debug|Any CPU.ActiveCfg = Debug|Any CPU
		{80549246-1847-4E1B-931C-6E0D44ECA65C}.Debug|Any CPU.Build.0 = Debug|Any CPU
		{80549246-1847-4E1B-931C-6E0D44ECA65C}.Release|Any CPU.ActiveCfg = Release|Any CPU
		{80549246-1847-4E1B-931C-6E0D44ECA65C}.Release|Any CPU.Build.0 = Release|Any CPU
		{F40C8F27-8A65-4463-A9B7-FEDB456E5474}.Debug|Any CPU.ActiveCfg = Debug|Any CPU
		{F40C8F27-8A65-4463-A9B7-FEDB456E5474}.Debug|Any CPU.Build.0 = Debug|Any CPU
		{F40C8F27-8A65-4463-A9B7-FEDB456E5474}.Release|Any CPU.ActiveCfg = Release|Any CPU
		{F40C8F27-8A65-4463-A9B7-FEDB456E5474}.Release|Any CPU.Build.0 = Release|Any CPU
		{C55AD7C1-CFA0-47AC-8079-3325E8F6FEF5}.Debug|Any CPU.ActiveCfg = Debug|Any CPU
		{C55AD7C1-CFA0-47AC-8079-3325E8F6FEF5}.Debug|Any CPU.Build.0 = Debug|Any CPU
		{C55AD7C1-CFA0-47AC-8079-3325E8F6FEF5}.Release|Any CPU.ActiveCfg = Release|Any CPU
		{C55AD7C1-CFA0-47AC-8079-3325E8F6FEF5}.Release|Any CPU.Build.0 = Release|Any CPU
		{64F8765F-B248-47C4-89DB-8ED2A4AA0042}.Debug|Any CPU.ActiveCfg = Debug|Any CPU
		{64F8765F-B248-47C4-89DB-8ED2A4AA0042}.Debug|Any CPU.Build.0 = Debug|Any CPU
		{64F8765F-B248-47C4-89DB-8ED2A4AA0042}.Release|Any CPU.ActiveCfg = Release|Any CPU
		{64F8765F-B248-47C4-89DB-8ED2A4AA0042}.Release|Any CPU.Build.0 = Release|Any CPU
		{EB104603-2543-499B-84D8-293DC9BB0CA1}.Debug|Any CPU.ActiveCfg = Debug|Any CPU
		{EB104603-2543-499B-84D8-293DC9BB0CA1}.Debug|Any CPU.Build.0 = Debug|Any CPU
		{EB104603-2543-499B-84D8-293DC9BB0CA1}.Release|Any CPU.ActiveCfg = Release|Any CPU
		{EB104603-2543-499B-84D8-293DC9BB0CA1}.Release|Any CPU.Build.0 = Release|Any CPU
		{114C7D38-E0A7-437B-B597-BD52DDC84CD7}.Debug|Any CPU.ActiveCfg = Debug|Any CPU
		{114C7D38-E0A7-437B-B597-BD52DDC84CD7}.Debug|Any CPU.Build.0 = Debug|Any CPU
		{114C7D38-E0A7-437B-B597-BD52DDC84CD7}.Release|Any CPU.ActiveCfg = Release|Any CPU
		{114C7D38-E0A7-437B-B597-BD52DDC84CD7}.Release|Any CPU.Build.0 = Release|Any CPU
		{1B0AE8FA-F906-4170-BBB3-500BFEBA2127}.Debug|Any CPU.ActiveCfg = Debug|Any CPU
		{1B0AE8FA-F906-4170-BBB3-500BFEBA2127}.Debug|Any CPU.Build.0 = Debug|Any CPU
		{1B0AE8FA-F906-4170-BBB3-500BFEBA2127}.Release|Any CPU.ActiveCfg = Release|Any CPU
		{1B0AE8FA-F906-4170-BBB3-500BFEBA2127}.Release|Any CPU.Build.0 = Release|Any CPU
		{B9927459-E80C-4159-B118-C15923CE84D2}.Debug|Any CPU.ActiveCfg = Debug|Any CPU
		{B9927459-E80C-4159-B118-C15923CE84D2}.Debug|Any CPU.Build.0 = Debug|Any CPU
		{B9927459-E80C-4159-B118-C15923CE84D2}.Release|Any CPU.ActiveCfg = Release|Any CPU
		{B9927459-E80C-4159-B118-C15923CE84D2}.Release|Any CPU.Build.0 = Release|Any CPU
		{CA2B7765-5489-4222-B434-ABF269EE2FF2}.Debug|Any CPU.ActiveCfg = Debug|Any CPU
		{CA2B7765-5489-4222-B434-ABF269EE2FF2}.Debug|Any CPU.Build.0 = Debug|Any CPU
		{CA2B7765-5489-4222-B434-ABF269EE2FF2}.Release|Any CPU.ActiveCfg = Release|Any CPU
		{CA2B7765-5489-4222-B434-ABF269EE2FF2}.Release|Any CPU.Build.0 = Release|Any CPU
		{FD7E7F6D-A60A-4ADE-AE5E-ACB00EECE246}.Debug|Any CPU.ActiveCfg = Debug|Any CPU
		{FD7E7F6D-A60A-4ADE-AE5E-ACB00EECE246}.Debug|Any CPU.Build.0 = Debug|Any CPU
		{FD7E7F6D-A60A-4ADE-AE5E-ACB00EECE246}.Release|Any CPU.ActiveCfg = Release|Any CPU
		{FD7E7F6D-A60A-4ADE-AE5E-ACB00EECE246}.Release|Any CPU.Build.0 = Release|Any CPU
		{92B5946A-A04B-41B4-8CF8-C4D3470FF83A}.Debug|Any CPU.ActiveCfg = Debug|Any CPU
		{92B5946A-A04B-41B4-8CF8-C4D3470FF83A}.Debug|Any CPU.Build.0 = Debug|Any CPU
		{92B5946A-A04B-41B4-8CF8-C4D3470FF83A}.Release|Any CPU.ActiveCfg = Release|Any CPU
		{92B5946A-A04B-41B4-8CF8-C4D3470FF83A}.Release|Any CPU.Build.0 = Release|Any CPU
		{2D1DF55C-89E3-47EA-A8BD-B83601FC4FD3}.Debug|Any CPU.ActiveCfg = Debug|Any CPU
		{2D1DF55C-89E3-47EA-A8BD-B83601FC4FD3}.Debug|Any CPU.Build.0 = Debug|Any CPU
		{2D1DF55C-89E3-47EA-A8BD-B83601FC4FD3}.Release|Any CPU.ActiveCfg = Release|Any CPU
		{2D1DF55C-89E3-47EA-A8BD-B83601FC4FD3}.Release|Any CPU.Build.0 = Release|Any CPU
		{18074E26-3065-4C3E-B7D7-D821066A2AC0}.Debug|Any CPU.ActiveCfg = Debug|Any CPU
		{18074E26-3065-4C3E-B7D7-D821066A2AC0}.Debug|Any CPU.Build.0 = Debug|Any CPU
		{18074E26-3065-4C3E-B7D7-D821066A2AC0}.Release|Any CPU.ActiveCfg = Release|Any CPU
		{18074E26-3065-4C3E-B7D7-D821066A2AC0}.Release|Any CPU.Build.0 = Release|Any CPU
	EndGlobalSection
	GlobalSection(SolutionProperties) = preSolution
		HideSolutionNode = FALSE
	EndGlobalSection
	GlobalSection(ExtensibilityGlobals) = postSolution
		SolutionGuid = {8B13532A-7F41-4BFE-BB0C-4A78289420E4}
	EndGlobalSection
	GlobalSection(NestedProjects) = preSolution
		{EB104603-2543-499B-84D8-293DC9BB0CA1} = {0697FA66-05AB-475B-A79B-A1EF58DDA0AA}
		{114C7D38-E0A7-437B-B597-BD52DDC84CD7} = {0697FA66-05AB-475B-A79B-A1EF58DDA0AA}
		{1B0AE8FA-F906-4170-BBB3-500BFEBA2127} = {0697FA66-05AB-475B-A79B-A1EF58DDA0AA}
		{B9927459-E80C-4159-B118-C15923CE84D2} = {0697FA66-05AB-475B-A79B-A1EF58DDA0AA}
		{92B5946A-A04B-41B4-8CF8-C4D3470FF83A} = {0697FA66-05AB-475B-A79B-A1EF58DDA0AA}
		{CA2B7765-5489-4222-B434-ABF269EE2FF2} = {FF3DBEF0-75DA-43F3-9ABC-D2AF29023EEE}
		{FD7E7F6D-A60A-4ADE-AE5E-ACB00EECE246} = {FF3DBEF0-75DA-43F3-9ABC-D2AF29023EEE}
		{C55AD7C1-CFA0-47AC-8079-3325E8F6FEF5} = {FF3DBEF0-75DA-43F3-9ABC-D2AF29023EEE}
		{80549246-1847-4E1B-931C-6E0D44ECA65C} = {C82D7B99-51E2-47AA-A558-6676C50F5058}
		{64F8765F-B248-47C4-89DB-8ED2A4AA0042} = {C82D7B99-51E2-47AA-A558-6676C50F5058}
		{2D1DF55C-89E3-47EA-A8BD-B83601FC4FD3} = {4F3EEF66-7DCB-4712-9E5E-64D2EEEECB13}
		{18074E26-3065-4C3E-B7D7-D821066A2AC0} = {4F3EEF66-7DCB-4712-9E5E-64D2EEEECB13}
	EndGlobalSection
EndGlobal
